// !$*UTF8*$!
{
	archiveVersion = 1;
	classes = {
	};
	objectVersion = 46;
	objects = {

/* Begin PBXBuildFile section */
		B70312521D28F09F00D09EE9 /* XYSRecommendTableViewController.m in Sources */ = {isa = PBXBuildFile; fileRef = B70312511D28F09F00D09EE9 /* XYSRecommendTableViewController.m */; settings = {ASSET_TAGS = (); }; };
		B70312561D28F1FE00D09EE9 /* XYSRecommendTagCell.m in Sources */ = {isa = PBXBuildFile; fileRef = B70312541D28F1FE00D09EE9 /* XYSRecommendTagCell.m */; settings = {ASSET_TAGS = (); }; };
		B70312571D28F1FE00D09EE9 /* XYSRecommendTagCell.xib in Resources */ = {isa = PBXBuildFile; fileRef = B70312551D28F1FE00D09EE9 /* XYSRecommendTagCell.xib */; settings = {ASSET_TAGS = (); }; };
		B703125A1D28F4B000D09EE9 /* XYSRecommendTagModel.m in Sources */ = {isa = PBXBuildFile; fileRef = B70312591D28F4B000D09EE9 /* XYSRecommendTagModel.m */; settings = {ASSET_TAGS = (); }; };
		B703125E1D29022200D09EE9 /* XYSFriendTrendsViewController.xib in Resources */ = {isa = PBXBuildFile; fileRef = B703125D1D29022200D09EE9 /* XYSFriendTrendsViewController.xib */; settings = {ASSET_TAGS = (); }; };
		B70312621D2906DA00D09EE9 /* XYSLoginRegisterController.m in Sources */ = {isa = PBXBuildFile; fileRef = B70312601D2906DA00D09EE9 /* XYSLoginRegisterController.m */; settings = {ASSET_TAGS = (); }; };
		B70312691D29448300D09EE9 /* XYSVerticalButton.m in Sources */ = {isa = PBXBuildFile; fileRef = B70312681D29448300D09EE9 /* XYSVerticalButton.m */; settings = {ASSET_TAGS = (); }; };
		B70312701D295DA500D09EE9 /* XYSLoginRegisterController.xib in Resources */ = {isa = PBXBuildFile; fileRef = B703126F1D295DA500D09EE9 /* XYSLoginRegisterController.xib */; settings = {ASSET_TAGS = (); }; };
		B70312731D2963FE00D09EE9 /* XYSTextField.m in Sources */ = {isa = PBXBuildFile; fileRef = B70312721D2963FE00D09EE9 /* XYSTextField.m */; settings = {ASSET_TAGS = (); }; };
		B71E92E91D34D9F500BBBF1C /* XYSCircularProgressView.m in Sources */ = {isa = PBXBuildFile; fileRef = B71E92E81D34D9F500BBBF1C /* XYSCircularProgressView.m */; settings = {ASSET_TAGS = (); }; };
		B72C36781D365F51002D3DC3 /* XYSPublishView.m in Sources */ = {isa = PBXBuildFile; fileRef = B72C36771D365F51002D3DC3 /* XYSPublishView.m */; settings = {ASSET_TAGS = (); }; };
		B72C367C1D365FFB002D3DC3 /* XYSPublishView.xib in Resources */ = {isa = PBXBuildFile; fileRef = B72C367B1D365FFB002D3DC3 /* XYSPublishView.xib */; settings = {ASSET_TAGS = (); }; };
		B72CFCBE1D3A764E00C4889C /* XYSTopCommentModel.m in Sources */ = {isa = PBXBuildFile; fileRef = B72CFCBD1D3A764E00C4889C /* XYSTopCommentModel.m */; settings = {ASSET_TAGS = (); }; };
		B72CFCC11D3A771500C4889C /* XYSUser.m in Sources */ = {isa = PBXBuildFile; fileRef = B72CFCC01D3A771500C4889C /* XYSUser.m */; settings = {ASSET_TAGS = (); }; };
		B7318F1A1D3F5D5A00B66113 /* XYSMeCell.m in Sources */ = {isa = PBXBuildFile; fileRef = B7318F191D3F5D5A00B66113 /* XYSMeCell.m */; settings = {ASSET_TAGS = (); }; };
		B7318F1D1D3F615100B66113 /* XYSMeExtensionView.m in Sources */ = {isa = PBXBuildFile; fileRef = B7318F1C1D3F615100B66113 /* XYSMeExtensionView.m */; settings = {ASSET_TAGS = (); }; };
		B7318F231D3F63C600B66113 /* XYSMeExtensionModel.m in Sources */ = {isa = PBXBuildFile; fileRef = B7318F221D3F63C600B66113 /* XYSMeExtensionModel.m */; settings = {ASSET_TAGS = (); }; };
		B7318F261D3F666000B66113 /* XYSMeExtensionButton.m in Sources */ = {isa = PBXBuildFile; fileRef = B7318F251D3F666000B66113 /* XYSMeExtensionButton.m */; settings = {ASSET_TAGS = (); }; };
		B7318F2A1D3F8E1100B66113 /* XYSPlayVoiceController.m in Sources */ = {isa = PBXBuildFile; fileRef = B7318F281D3F8E1100B66113 /* XYSPlayVoiceController.m */; settings = {ASSET_TAGS = (); }; };
		B7318F2B1D3F8E1100B66113 /* XYSPlayVoiceController.xib in Resources */ = {isa = PBXBuildFile; fileRef = B7318F291D3F8E1100B66113 /* XYSPlayVoiceController.xib */; settings = {ASSET_TAGS = (); }; };
		B7318F2E1D40BB6700B66113 /* XYSPostViewController.m in Sources */ = {isa = PBXBuildFile; fileRef = B7318F2D1D40BB6700B66113 /* XYSPostViewController.m */; settings = {ASSET_TAGS = (); }; };
		B7318F311D40C6B600B66113 /* XYSPlaceholderTextView.m in Sources */ = {isa = PBXBuildFile; fileRef = B7318F301D40C6B600B66113 /* XYSPlaceholderTextView.m */; settings = {ASSET_TAGS = (); }; };
		B73542001D3B651600A3023B /* XYSCommentController.m in Sources */ = {isa = PBXBuildFile; fileRef = B73541FE1D3B651600A3023B /* XYSCommentController.m */; settings = {ASSET_TAGS = (); }; };
		B73542011D3B651600A3023B /* XYSCommentController.xib in Resources */ = {isa = PBXBuildFile; fileRef = B73541FF1D3B651600A3023B /* XYSCommentController.xib */; settings = {ASSET_TAGS = (); }; };
		B73542061D3B774100A3023B /* XYSCommentCell.xib in Resources */ = {isa = PBXBuildFile; fileRef = B73542041D3B774100A3023B /* XYSCommentCell.xib */; settings = {ASSET_TAGS = (); }; };
		B73542091D3B779F00A3023B /* XYSCommentCell.m in Sources */ = {isa = PBXBuildFile; fileRef = B73542081D3B779F00A3023B /* XYSCommentCell.m */; settings = {ASSET_TAGS = (); }; };
		B756DAB81D2D2F6400B9960A /* XYSTopicController.m in Sources */ = {isa = PBXBuildFile; fileRef = B756DAB71D2D2F6400B9960A /* XYSTopicController.m */; settings = {ASSET_TAGS = (); }; };
		B76818311D3231C60044B7E3 /* NSDate+XYSExtension.m in Sources */ = {isa = PBXBuildFile; fileRef = B76818301D3231C60044B7E3 /* NSDate+XYSExtension.m */; settings = {ASSET_TAGS = (); }; };
		B768183D1D323DC20044B7E3 /* XYSUIConst.m in Sources */ = {isa = PBXBuildFile; fileRef = B768183C1D323DC20044B7E3 /* XYSUIConst.m */; settings = {ASSET_TAGS = (); }; };
		B76818401D3245E30044B7E3 /* XYSTopicPictureView.m in Sources */ = {isa = PBXBuildFile; fileRef = B768183F1D3245E30044B7E3 /* XYSTopicPictureView.m */; settings = {ASSET_TAGS = (); }; };
		B76818421D32460A0044B7E3 /* XYSTopicPictureView.xib in Resources */ = {isa = PBXBuildFile; fileRef = B76818411D32460A0044B7E3 /* XYSTopicPictureView.xib */; settings = {ASSET_TAGS = (); }; };
		B76818461D32713B0044B7E3 /* XYSShowPictureController.m in Sources */ = {isa = PBXBuildFile; fileRef = B76818441D32713B0044B7E3 /* XYSShowPictureController.m */; settings = {ASSET_TAGS = (); }; };
		B76818471D32713B0044B7E3 /* XYSShowPictureController.xib in Resources */ = {isa = PBXBuildFile; fileRef = B76818451D32713B0044B7E3 /* XYSShowPictureController.xib */; settings = {ASSET_TAGS = (); }; };
		B77507921D2007D6009BA9F2 /* Main.storyboard in Resources */ = {isa = PBXBuildFile; fileRef = B77507901D2007D6009BA9F2 /* Main.storyboard */; };
		B77507941D2007D6009BA9F2 /* Assets.xcassets in Resources */ = {isa = PBXBuildFile; fileRef = B77507931D2007D6009BA9F2 /* Assets.xcassets */; };
		B77507A21D2007D6009BA9F2 /* imitationOfBSBDJTests.m in Sources */ = {isa = PBXBuildFile; fileRef = B77507A11D2007D6009BA9F2 /* imitationOfBSBDJTests.m */; };
		B77507AD1D2007D6009BA9F2 /* imitationOfBSBDJUITests.m in Sources */ = {isa = PBXBuildFile; fileRef = B77507AC1D2007D6009BA9F2 /* imitationOfBSBDJUITests.m */; };
		B77507E61D200808009BA9F2 /* UIView+XYSExtension.m in Sources */ = {isa = PBXBuildFile; fileRef = B77507BE1D200808009BA9F2 /* UIView+XYSExtension.m */; settings = {ASSET_TAGS = (); }; };
		B77507E71D200808009BA9F2 /* XYSNavigationController.m in Sources */ = {isa = PBXBuildFile; fileRef = B77507C11D200808009BA9F2 /* XYSNavigationController.m */; settings = {ASSET_TAGS = (); }; };
		B77507E81D200808009BA9F2 /* XYSTabBarController.m in Sources */ = {isa = PBXBuildFile; fileRef = B77507C31D200808009BA9F2 /* XYSTabBarController.m */; settings = {ASSET_TAGS = (); }; };
		B77507E91D200808009BA9F2 /* XYSTabBar.m in Sources */ = {isa = PBXBuildFile; fileRef = B77507C81D200808009BA9F2 /* XYSTabBar.m */; settings = {ASSET_TAGS = (); }; };
		B77507EA1D200808009BA9F2 /* AppDelegate.m in Sources */ = {isa = PBXBuildFile; fileRef = B77507CB1D200808009BA9F2 /* AppDelegate.m */; settings = {ASSET_TAGS = (); }; };
		B77507EB1D200808009BA9F2 /* main.m in Sources */ = {isa = PBXBuildFile; fileRef = B77507CC1D200808009BA9F2 /* main.m */; settings = {ASSET_TAGS = (); }; };
		B77507EC1D200808009BA9F2 /* XYSEssenceViewController.m in Sources */ = {isa = PBXBuildFile; fileRef = B77507D11D200808009BA9F2 /* XYSEssenceViewController.m */; settings = {ASSET_TAGS = (); }; };
		B77507ED1D200808009BA9F2 /* XYSFriendTrendsViewController.m in Sources */ = {isa = PBXBuildFile; fileRef = B77507D71D200808009BA9F2 /* XYSFriendTrendsViewController.m */; settings = {ASSET_TAGS = (); }; };
		B77507EE1D200808009BA9F2 /* XYSMeViewController.m in Sources */ = {isa = PBXBuildFile; fileRef = B77507DD1D200808009BA9F2 /* XYSMeViewController.m */; settings = {ASSET_TAGS = (); }; };
		B77507EF1D200808009BA9F2 /* XYSNewViewController.m in Sources */ = {isa = PBXBuildFile; fileRef = B77507E31D200808009BA9F2 /* XYSNewViewController.m */; settings = {ASSET_TAGS = (); }; };
		B77507F51D200F77009BA9F2 /* UIBarButtonItem+XYSExtension.m in Sources */ = {isa = PBXBuildFile; fileRef = B77507F41D200F77009BA9F2 /* UIBarButtonItem+XYSExtension.m */; settings = {ASSET_TAGS = (); }; };
		B7BDDD391D2F85A80078714A /* XYSTopicModel.m in Sources */ = {isa = PBXBuildFile; fileRef = B7BDDD381D2F85A80078714A /* XYSTopicModel.m */; settings = {ASSET_TAGS = (); }; };
		B7BDDD3D1D2F8BFC0078714A /* XYSTopicCell.m in Sources */ = {isa = PBXBuildFile; fileRef = B7BDDD3B1D2F8BFC0078714A /* XYSTopicCell.m */; settings = {ASSET_TAGS = (); }; };
		B7BDDD401D2F8D530078714A /* XYSTopicCell.xib in Resources */ = {isa = PBXBuildFile; fileRef = B7BDDD3F1D2F8D530078714A /* XYSTopicCell.xib */; settings = {ASSET_TAGS = (); }; };
		B7D8563E1D378A72009EAF7E /* XYSTopicVoiceView.m in Sources */ = {isa = PBXBuildFile; fileRef = B7D8563D1D378A72009EAF7E /* XYSTopicVoiceView.m */; settings = {ASSET_TAGS = (); }; };
		B7D856401D378A7E009EAF7E /* XYSTopicVoiceView.xib in Resources */ = {isa = PBXBuildFile; fileRef = B7D8563F1D378A7E009EAF7E /* XYSTopicVoiceView.xib */; settings = {ASSET_TAGS = (); }; };
		B7DEB9FC1D250DEB007B58B3 /* XYSRecommendController.m in Sources */ = {isa = PBXBuildFile; fileRef = B7DEB9FB1D250DEB007B58B3 /* XYSRecommendController.m */; settings = {ASSET_TAGS = (); }; };
		B7DEB9FE1D250E08007B58B3 /* XYSRecommendController.xib in Resources */ = {isa = PBXBuildFile; fileRef = B7DEB9FD1D250E07007B58B3 /* XYSRecommendController.xib */; settings = {ASSET_TAGS = (); }; };
		B7DEBA071D251E5A007B58B3 /* XYSLeftRecommendCell.m in Sources */ = {isa = PBXBuildFile; fileRef = B7DEBA051D251E5A007B58B3 /* XYSLeftRecommendCell.m */; settings = {ASSET_TAGS = (); }; };
		B7DEBA081D251E5A007B58B3 /* XYSLeftRecommendCell.xib in Resources */ = {isa = PBXBuildFile; fileRef = B7DEBA061D251E5A007B58B3 /* XYSLeftRecommendCell.xib */; settings = {ASSET_TAGS = (); }; };
		B7DEBA0B1D25354E007B58B3 /* XYSLeftRecommendModel.m in Sources */ = {isa = PBXBuildFile; fileRef = B7DEBA0A1D25354E007B58B3 /* XYSLeftRecommendModel.m */; settings = {ASSET_TAGS = (); }; };
		B7DEBA0F1D2567FF007B58B3 /* XYSRightRecommendUserCell.m in Sources */ = {isa = PBXBuildFile; fileRef = B7DEBA0D1D2567FF007B58B3 /* XYSRightRecommendUserCell.m */; settings = {ASSET_TAGS = (); }; };
		B7DEBA101D2567FF007B58B3 /* XYSRightRecommendUserCell.xib in Resources */ = {isa = PBXBuildFile; fileRef = B7DEBA0E1D2567FF007B58B3 /* XYSRightRecommendUserCell.xib */; settings = {ASSET_TAGS = (); }; };
		B7DEBA131D256ADC007B58B3 /* XYSRightRecommendUserModel.m in Sources */ = {isa = PBXBuildFile; fileRef = B7DEBA121D256ADC007B58B3 /* XYSRightRecommendUserModel.m */; settings = {ASSET_TAGS = (); }; };
		B7E70C241D37D4C900815896 /* XYSTopicVideoView.m in Sources */ = {isa = PBXBuildFile; fileRef = B7E70C231D37D4C900815896 /* XYSTopicVideoView.m */; settings = {ASSET_TAGS = (); }; };
		B7E70C2C1D37D88800815896 /* XYSTopicVideoView.xib in Resources */ = {isa = PBXBuildFile; fileRef = B7E70C2B1D37D88800815896 /* XYSTopicVideoView.xib */; settings = {ASSET_TAGS = (); }; };
		B7FF27871D3DC885008B6722 /* XYSRollBackWindow.m in Sources */ = {isa = PBXBuildFile; fileRef = B7FF27861D3DC885008B6722 /* XYSRollBackWindow.m */; settings = {ASSET_TAGS = (); }; };
		D7B58BEBCCBCF23C3768049D /* libPods-imitationOfBSBDJ.a in Frameworks */ = {isa = PBXBuildFile; fileRef = 91DD1CA3322CF269599AEF96 /* libPods-imitationOfBSBDJ.a */; };
/* End PBXBuildFile section */

/* Begin PBXContainerItemProxy section */
		B775079E1D2007D6009BA9F2 /* PBXContainerItemProxy */ = {
			isa = PBXContainerItemProxy;
			containerPortal = B775077C1D2007D6009BA9F2 /* Project object */;
			proxyType = 1;
			remoteGlobalIDString = B77507831D2007D6009BA9F2;
			remoteInfo = imitationOfBSBDJ;
		};
		B77507A91D2007D6009BA9F2 /* PBXContainerItemProxy */ = {
			isa = PBXContainerItemProxy;
			containerPortal = B775077C1D2007D6009BA9F2 /* Project object */;
			proxyType = 1;
			remoteGlobalIDString = B77507831D2007D6009BA9F2;
			remoteInfo = imitationOfBSBDJ;
		};
/* End PBXContainerItemProxy section */

/* Begin PBXFileReference section */
		23A72F850AFC638673D53EDE /* Pods-imitationOfBSBDJ.debug.xcconfig */ = {isa = PBXFileReference; includeInIndex = 1; lastKnownFileType = text.xcconfig; name = "Pods-imitationOfBSBDJ.debug.xcconfig"; path = "Pods/Target Support Files/Pods-imitationOfBSBDJ/Pods-imitationOfBSBDJ.debug.xcconfig"; sourceTree = "<group>"; };
		248D8E9C2998483438C31AF6 /* Pods-imitationOfBSBDJ.release.xcconfig */ = {isa = PBXFileReference; includeInIndex = 1; lastKnownFileType = text.xcconfig; name = "Pods-imitationOfBSBDJ.release.xcconfig"; path = "Pods/Target Support Files/Pods-imitationOfBSBDJ/Pods-imitationOfBSBDJ.release.xcconfig"; sourceTree = "<group>"; };
		91DD1CA3322CF269599AEF96 /* libPods-imitationOfBSBDJ.a */ = {isa = PBXFileReference; explicitFileType = archive.ar; includeInIndex = 0; path = "libPods-imitationOfBSBDJ.a"; sourceTree = BUILT_PRODUCTS_DIR; };
		B70312501D28F09F00D09EE9 /* XYSRecommendTableViewController.h */ = {isa = PBXFileReference; fileEncoding = 4; lastKnownFileType = sourcecode.c.h; path = XYSRecommendTableViewController.h; sourceTree = "<group>"; };
		B70312511D28F09F00D09EE9 /* XYSRecommendTableViewController.m */ = {isa = PBXFileReference; fileEncoding = 4; lastKnownFileType = sourcecode.c.objc; path = XYSRecommendTableViewController.m; sourceTree = "<group>"; };
		B70312531D28F1FE00D09EE9 /* XYSRecommendTagCell.h */ = {isa = PBXFileReference; fileEncoding = 4; lastKnownFileType = sourcecode.c.h; path = XYSRecommendTagCell.h; sourceTree = "<group>"; };
		B70312541D28F1FE00D09EE9 /* XYSRecommendTagCell.m */ = {isa = PBXFileReference; fileEncoding = 4; lastKnownFileType = sourcecode.c.objc; path = XYSRecommendTagCell.m; sourceTree = "<group>"; };
		B70312551D28F1FE00D09EE9 /* XYSRecommendTagCell.xib */ = {isa = PBXFileReference; fileEncoding = 4; lastKnownFileType = file.xib; path = XYSRecommendTagCell.xib; sourceTree = "<group>"; };
		B70312581D28F4B000D09EE9 /* XYSRecommendTagModel.h */ = {isa = PBXFileReference; fileEncoding = 4; lastKnownFileType = sourcecode.c.h; path = XYSRecommendTagModel.h; sourceTree = "<group>"; };
		B70312591D28F4B000D09EE9 /* XYSRecommendTagModel.m */ = {isa = PBXFileReference; fileEncoding = 4; lastKnownFileType = sourcecode.c.objc; path = XYSRecommendTagModel.m; sourceTree = "<group>"; };
		B703125D1D29022200D09EE9 /* XYSFriendTrendsViewController.xib */ = {isa = PBXFileReference; fileEncoding = 4; lastKnownFileType = file.xib; path = XYSFriendTrendsViewController.xib; sourceTree = "<group>"; };
		B703125F1D2906DA00D09EE9 /* XYSLoginRegisterController.h */ = {isa = PBXFileReference; fileEncoding = 4; lastKnownFileType = sourcecode.c.h; path = XYSLoginRegisterController.h; sourceTree = "<group>"; };
		B70312601D2906DA00D09EE9 /* XYSLoginRegisterController.m */ = {isa = PBXFileReference; fileEncoding = 4; lastKnownFileType = sourcecode.c.objc; path = XYSLoginRegisterController.m; sourceTree = "<group>"; };
		B70312671D29448300D09EE9 /* XYSVerticalButton.h */ = {isa = PBXFileReference; fileEncoding = 4; lastKnownFileType = sourcecode.c.h; path = XYSVerticalButton.h; sourceTree = "<group>"; };
		B70312681D29448300D09EE9 /* XYSVerticalButton.m */ = {isa = PBXFileReference; fileEncoding = 4; lastKnownFileType = sourcecode.c.objc; path = XYSVerticalButton.m; sourceTree = "<group>"; };
		B703126F1D295DA500D09EE9 /* XYSLoginRegisterController.xib */ = {isa = PBXFileReference; fileEncoding = 4; lastKnownFileType = file.xib; path = XYSLoginRegisterController.xib; sourceTree = "<group>"; };
		B70312711D2963FE00D09EE9 /* XYSTextField.h */ = {isa = PBXFileReference; fileEncoding = 4; lastKnownFileType = sourcecode.c.h; path = XYSTextField.h; sourceTree = "<group>"; };
		B70312721D2963FE00D09EE9 /* XYSTextField.m */ = {isa = PBXFileReference; fileEncoding = 4; lastKnownFileType = sourcecode.c.objc; path = XYSTextField.m; sourceTree = "<group>"; };
		B71E92E71D34D9F500BBBF1C /* XYSCircularProgressView.h */ = {isa = PBXFileReference; fileEncoding = 4; lastKnownFileType = sourcecode.c.h; path = XYSCircularProgressView.h; sourceTree = "<group>"; };
		B71E92E81D34D9F500BBBF1C /* XYSCircularProgressView.m */ = {isa = PBXFileReference; fileEncoding = 4; lastKnownFileType = sourcecode.c.objc; path = XYSCircularProgressView.m; sourceTree = "<group>"; };
		B72C36761D365F51002D3DC3 /* XYSPublishView.h */ = {isa = PBXFileReference; fileEncoding = 4; lastKnownFileType = sourcecode.c.h; path = XYSPublishView.h; sourceTree = "<group>"; };
		B72C36771D365F51002D3DC3 /* XYSPublishView.m */ = {isa = PBXFileReference; fileEncoding = 4; lastKnownFileType = sourcecode.c.objc; path = XYSPublishView.m; sourceTree = "<group>"; };
		B72C367B1D365FFB002D3DC3 /* XYSPublishView.xib */ = {isa = PBXFileReference; fileEncoding = 4; lastKnownFileType = file.xib; path = XYSPublishView.xib; sourceTree = "<group>"; };
		B72CFCBC1D3A764E00C4889C /* XYSTopCommentModel.h */ = {isa = PBXFileReference; fileEncoding = 4; lastKnownFileType = sourcecode.c.h; path = XYSTopCommentModel.h; sourceTree = "<group>"; };
		B72CFCBD1D3A764E00C4889C /* XYSTopCommentModel.m */ = {isa = PBXFileReference; fileEncoding = 4; lastKnownFileType = sourcecode.c.objc; path = XYSTopCommentModel.m; sourceTree = "<group>"; };
		B72CFCBF1D3A771500C4889C /* XYSUser.h */ = {isa = PBXFileReference; fileEncoding = 4; lastKnownFileType = sourcecode.c.h; path = XYSUser.h; sourceTree = "<group>"; };
		B72CFCC01D3A771500C4889C /* XYSUser.m */ = {isa = PBXFileReference; fileEncoding = 4; lastKnownFileType = sourcecode.c.objc; path = XYSUser.m; sourceTree = "<group>"; };
		B7318F181D3F5D5A00B66113 /* XYSMeCell.h */ = {isa = PBXFileReference; fileEncoding = 4; lastKnownFileType = sourcecode.c.h; path = XYSMeCell.h; sourceTree = "<group>"; };
		B7318F191D3F5D5A00B66113 /* XYSMeCell.m */ = {isa = PBXFileReference; fileEncoding = 4; lastKnownFileType = sourcecode.c.objc; path = XYSMeCell.m; sourceTree = "<group>"; };
		B7318F1B1D3F615100B66113 /* XYSMeExtensionView.h */ = {isa = PBXFileReference; fileEncoding = 4; lastKnownFileType = sourcecode.c.h; path = XYSMeExtensionView.h; sourceTree = "<group>"; };
		B7318F1C1D3F615100B66113 /* XYSMeExtensionView.m */ = {isa = PBXFileReference; fileEncoding = 4; lastKnownFileType = sourcecode.c.objc; path = XYSMeExtensionView.m; sourceTree = "<group>"; };
		B7318F211D3F63C600B66113 /* XYSMeExtensionModel.h */ = {isa = PBXFileReference; fileEncoding = 4; lastKnownFileType = sourcecode.c.h; path = XYSMeExtensionModel.h; sourceTree = "<group>"; };
		B7318F221D3F63C600B66113 /* XYSMeExtensionModel.m */ = {isa = PBXFileReference; fileEncoding = 4; lastKnownFileType = sourcecode.c.objc; path = XYSMeExtensionModel.m; sourceTree = "<group>"; };
		B7318F241D3F666000B66113 /* XYSMeExtensionButton.h */ = {isa = PBXFileReference; fileEncoding = 4; lastKnownFileType = sourcecode.c.h; path = XYSMeExtensionButton.h; sourceTree = "<group>"; };
		B7318F251D3F666000B66113 /* XYSMeExtensionButton.m */ = {isa = PBXFileReference; fileEncoding = 4; lastKnownFileType = sourcecode.c.objc; path = XYSMeExtensionButton.m; sourceTree = "<group>"; };
		B7318F271D3F8E1100B66113 /* XYSPlayVoiceController.h */ = {isa = PBXFileReference; fileEncoding = 4; lastKnownFileType = sourcecode.c.h; path = XYSPlayVoiceController.h; sourceTree = "<group>"; };
		B7318F281D3F8E1100B66113 /* XYSPlayVoiceController.m */ = {isa = PBXFileReference; fileEncoding = 4; lastKnownFileType = sourcecode.c.objc; path = XYSPlayVoiceController.m; sourceTree = "<group>"; };
		B7318F291D3F8E1100B66113 /* XYSPlayVoiceController.xib */ = {isa = PBXFileReference; fileEncoding = 4; lastKnownFileType = file.xib; path = XYSPlayVoiceController.xib; sourceTree = "<group>"; };
		B7318F2C1D40BB6700B66113 /* XYSPostViewController.h */ = {isa = PBXFileReference; fileEncoding = 4; lastKnownFileType = sourcecode.c.h; path = XYSPostViewController.h; sourceTree = "<group>"; };
		B7318F2D1D40BB6700B66113 /* XYSPostViewController.m */ = {isa = PBXFileReference; fileEncoding = 4; lastKnownFileType = sourcecode.c.objc; path = XYSPostViewController.m; sourceTree = "<group>"; };
		B7318F2F1D40C6B600B66113 /* XYSPlaceholderTextView.h */ = {isa = PBXFileReference; fileEncoding = 4; lastKnownFileType = sourcecode.c.h; path = XYSPlaceholderTextView.h; sourceTree = "<group>"; };
		B7318F301D40C6B600B66113 /* XYSPlaceholderTextView.m */ = {isa = PBXFileReference; fileEncoding = 4; lastKnownFileType = sourcecode.c.objc; path = XYSPlaceholderTextView.m; sourceTree = "<group>"; };
		B73541FD1D3B651600A3023B /* XYSCommentController.h */ = {isa = PBXFileReference; fileEncoding = 4; lastKnownFileType = sourcecode.c.h; path = XYSCommentController.h; sourceTree = "<group>"; };
		B73541FE1D3B651600A3023B /* XYSCommentController.m */ = {isa = PBXFileReference; fileEncoding = 4; lastKnownFileType = sourcecode.c.objc; path = XYSCommentController.m; sourceTree = "<group>"; };
		B73541FF1D3B651600A3023B /* XYSCommentController.xib */ = {isa = PBXFileReference; fileEncoding = 4; lastKnownFileType = file.xib; path = XYSCommentController.xib; sourceTree = "<group>"; };
		B73542041D3B774100A3023B /* XYSCommentCell.xib */ = {isa = PBXFileReference; fileEncoding = 4; lastKnownFileType = file.xib; path = XYSCommentCell.xib; sourceTree = "<group>"; };
		B73542071D3B779F00A3023B /* XYSCommentCell.h */ = {isa = PBXFileReference; fileEncoding = 4; lastKnownFileType = sourcecode.c.h; path = XYSCommentCell.h; sourceTree = "<group>"; };
		B73542081D3B779F00A3023B /* XYSCommentCell.m */ = {isa = PBXFileReference; fileEncoding = 4; lastKnownFileType = sourcecode.c.objc; path = XYSCommentCell.m; sourceTree = "<group>"; };
		B756DAB61D2D2F6400B9960A /* XYSTopicController.h */ = {isa = PBXFileReference; fileEncoding = 4; lastKnownFileType = sourcecode.c.h; path = XYSTopicController.h; sourceTree = "<group>"; };
		B756DAB71D2D2F6400B9960A /* XYSTopicController.m */ = {isa = PBXFileReference; fileEncoding = 4; lastKnownFileType = sourcecode.c.objc; path = XYSTopicController.m; sourceTree = "<group>"; };
		B768182F1D3231C60044B7E3 /* NSDate+XYSExtension.h */ = {isa = PBXFileReference; fileEncoding = 4; lastKnownFileType = sourcecode.c.h; path = "NSDate+XYSExtension.h"; sourceTree = "<group>"; };
		B76818301D3231C60044B7E3 /* NSDate+XYSExtension.m */ = {isa = PBXFileReference; fileEncoding = 4; lastKnownFileType = sourcecode.c.objc; path = "NSDate+XYSExtension.m"; sourceTree = "<group>"; };
		B768183B1D323DC20044B7E3 /* XYSUIConst.h */ = {isa = PBXFileReference; fileEncoding = 4; lastKnownFileType = sourcecode.c.h; path = XYSUIConst.h; sourceTree = "<group>"; };
		B768183C1D323DC20044B7E3 /* XYSUIConst.m */ = {isa = PBXFileReference; fileEncoding = 4; lastKnownFileType = sourcecode.c.objc; path = XYSUIConst.m; sourceTree = "<group>"; };
		B768183E1D3245E30044B7E3 /* XYSTopicPictureView.h */ = {isa = PBXFileReference; fileEncoding = 4; lastKnownFileType = sourcecode.c.h; path = XYSTopicPictureView.h; sourceTree = "<group>"; };
		B768183F1D3245E30044B7E3 /* XYSTopicPictureView.m */ = {isa = PBXFileReference; fileEncoding = 4; lastKnownFileType = sourcecode.c.objc; path = XYSTopicPictureView.m; sourceTree = "<group>"; };
		B76818411D32460A0044B7E3 /* XYSTopicPictureView.xib */ = {isa = PBXFileReference; fileEncoding = 4; lastKnownFileType = file.xib; path = XYSTopicPictureView.xib; sourceTree = "<group>"; };
		B76818431D32713B0044B7E3 /* XYSShowPictureController.h */ = {isa = PBXFileReference; fileEncoding = 4; lastKnownFileType = sourcecode.c.h; path = XYSShowPictureController.h; sourceTree = "<group>"; };
		B76818441D32713B0044B7E3 /* XYSShowPictureController.m */ = {isa = PBXFileReference; fileEncoding = 4; lastKnownFileType = sourcecode.c.objc; path = XYSShowPictureController.m; sourceTree = "<group>"; };
		B76818451D32713B0044B7E3 /* XYSShowPictureController.xib */ = {isa = PBXFileReference; fileEncoding = 4; lastKnownFileType = file.xib; path = XYSShowPictureController.xib; sourceTree = "<group>"; };
		B77507841D2007D6009BA9F2 /* imitationOfBSBDJ.app */ = {isa = PBXFileReference; explicitFileType = wrapper.application; includeInIndex = 0; path = imitationOfBSBDJ.app; sourceTree = BUILT_PRODUCTS_DIR; };
		B77507911D2007D6009BA9F2 /* Base */ = {isa = PBXFileReference; lastKnownFileType = file.storyboard; name = Base; path = Base.lproj/Main.storyboard; sourceTree = "<group>"; };
		B77507931D2007D6009BA9F2 /* Assets.xcassets */ = {isa = PBXFileReference; lastKnownFileType = folder.assetcatalog; path = Assets.xcassets; sourceTree = "<group>"; };
		B77507981D2007D6009BA9F2 /* Info.plist */ = {isa = PBXFileReference; lastKnownFileType = text.plist.xml; path = Info.plist; sourceTree = "<group>"; };
		B775079D1D2007D6009BA9F2 /* imitationOfBSBDJTests.xctest */ = {isa = PBXFileReference; explicitFileType = wrapper.cfbundle; includeInIndex = 0; path = imitationOfBSBDJTests.xctest; sourceTree = BUILT_PRODUCTS_DIR; };
		B77507A11D2007D6009BA9F2 /* imitationOfBSBDJTests.m */ = {isa = PBXFileReference; lastKnownFileType = sourcecode.c.objc; path = imitationOfBSBDJTests.m; sourceTree = "<group>"; };
		B77507A31D2007D6009BA9F2 /* Info.plist */ = {isa = PBXFileReference; lastKnownFileType = text.plist.xml; path = Info.plist; sourceTree = "<group>"; };
		B77507A81D2007D6009BA9F2 /* imitationOfBSBDJUITests.xctest */ = {isa = PBXFileReference; explicitFileType = wrapper.cfbundle; includeInIndex = 0; path = imitationOfBSBDJUITests.xctest; sourceTree = BUILT_PRODUCTS_DIR; };
		B77507AC1D2007D6009BA9F2 /* imitationOfBSBDJUITests.m */ = {isa = PBXFileReference; lastKnownFileType = sourcecode.c.objc; path = imitationOfBSBDJUITests.m; sourceTree = "<group>"; };
		B77507AE1D2007D6009BA9F2 /* Info.plist */ = {isa = PBXFileReference; lastKnownFileType = text.plist.xml; path = Info.plist; sourceTree = "<group>"; };
		B77507BD1D200808009BA9F2 /* UIView+XYSExtension.h */ = {isa = PBXFileReference; fileEncoding = 4; lastKnownFileType = sourcecode.c.h; path = "UIView+XYSExtension.h"; sourceTree = "<group>"; };
		B77507BE1D200808009BA9F2 /* UIView+XYSExtension.m */ = {isa = PBXFileReference; fileEncoding = 4; lastKnownFileType = sourcecode.c.objc; path = "UIView+XYSExtension.m"; sourceTree = "<group>"; };
		B77507C01D200808009BA9F2 /* XYSNavigationController.h */ = {isa = PBXFileReference; fileEncoding = 4; lastKnownFileType = sourcecode.c.h; path = XYSNavigationController.h; sourceTree = "<group>"; };
		B77507C11D200808009BA9F2 /* XYSNavigationController.m */ = {isa = PBXFileReference; fileEncoding = 4; lastKnownFileType = sourcecode.c.objc; path = XYSNavigationController.m; sourceTree = "<group>"; };
		B77507C21D200808009BA9F2 /* XYSTabBarController.h */ = {isa = PBXFileReference; fileEncoding = 4; lastKnownFileType = sourcecode.c.h; path = XYSTabBarController.h; sourceTree = "<group>"; };
		B77507C31D200808009BA9F2 /* XYSTabBarController.m */ = {isa = PBXFileReference; fileEncoding = 4; lastKnownFileType = sourcecode.c.objc; path = XYSTabBarController.m; sourceTree = "<group>"; };
		B77507C71D200808009BA9F2 /* XYSTabBar.h */ = {isa = PBXFileReference; fileEncoding = 4; lastKnownFileType = sourcecode.c.h; path = XYSTabBar.h; sourceTree = "<group>"; };
		B77507C81D200808009BA9F2 /* XYSTabBar.m */ = {isa = PBXFileReference; fileEncoding = 4; lastKnownFileType = sourcecode.c.objc; path = XYSTabBar.m; sourceTree = "<group>"; };
		B77507CA1D200808009BA9F2 /* AppDelegate.h */ = {isa = PBXFileReference; fileEncoding = 4; lastKnownFileType = sourcecode.c.h; path = AppDelegate.h; sourceTree = "<group>"; };
		B77507CB1D200808009BA9F2 /* AppDelegate.m */ = {isa = PBXFileReference; fileEncoding = 4; lastKnownFileType = sourcecode.c.objc; path = AppDelegate.m; sourceTree = "<group>"; };
		B77507CC1D200808009BA9F2 /* main.m */ = {isa = PBXFileReference; fileEncoding = 4; lastKnownFileType = sourcecode.c.objc; path = main.m; sourceTree = "<group>"; };
		B77507CD1D200808009BA9F2 /* PrefixHeader.pch */ = {isa = PBXFileReference; fileEncoding = 4; lastKnownFileType = sourcecode.c.h; path = PrefixHeader.pch; sourceTree = "<group>"; };
		B77507D01D200808009BA9F2 /* XYSEssenceViewController.h */ = {isa = PBXFileReference; fileEncoding = 4; lastKnownFileType = sourcecode.c.h; path = XYSEssenceViewController.h; sourceTree = "<group>"; };
		B77507D11D200808009BA9F2 /* XYSEssenceViewController.m */ = {isa = PBXFileReference; fileEncoding = 4; lastKnownFileType = sourcecode.c.objc; path = XYSEssenceViewController.m; sourceTree = "<group>"; };
		B77507D61D200808009BA9F2 /* XYSFriendTrendsViewController.h */ = {isa = PBXFileReference; fileEncoding = 4; lastKnownFileType = sourcecode.c.h; path = XYSFriendTrendsViewController.h; sourceTree = "<group>"; };
		B77507D71D200808009BA9F2 /* XYSFriendTrendsViewController.m */ = {isa = PBXFileReference; fileEncoding = 4; lastKnownFileType = sourcecode.c.objc; path = XYSFriendTrendsViewController.m; sourceTree = "<group>"; };
		B77507DC1D200808009BA9F2 /* XYSMeViewController.h */ = {isa = PBXFileReference; fileEncoding = 4; lastKnownFileType = sourcecode.c.h; path = XYSMeViewController.h; sourceTree = "<group>"; };
		B77507DD1D200808009BA9F2 /* XYSMeViewController.m */ = {isa = PBXFileReference; fileEncoding = 4; lastKnownFileType = sourcecode.c.objc; path = XYSMeViewController.m; sourceTree = "<group>"; };
		B77507E21D200808009BA9F2 /* XYSNewViewController.h */ = {isa = PBXFileReference; fileEncoding = 4; lastKnownFileType = sourcecode.c.h; path = XYSNewViewController.h; sourceTree = "<group>"; };
		B77507E31D200808009BA9F2 /* XYSNewViewController.m */ = {isa = PBXFileReference; fileEncoding = 4; lastKnownFileType = sourcecode.c.objc; path = XYSNewViewController.m; sourceTree = "<group>"; };
		B77507F31D200F77009BA9F2 /* UIBarButtonItem+XYSExtension.h */ = {isa = PBXFileReference; fileEncoding = 4; lastKnownFileType = sourcecode.c.h; path = "UIBarButtonItem+XYSExtension.h"; sourceTree = "<group>"; };
		B77507F41D200F77009BA9F2 /* UIBarButtonItem+XYSExtension.m */ = {isa = PBXFileReference; fileEncoding = 4; lastKnownFileType = sourcecode.c.objc; path = "UIBarButtonItem+XYSExtension.m"; sourceTree = "<group>"; };
		B7BDDD371D2F85A80078714A /* XYSTopicModel.h */ = {isa = PBXFileReference; fileEncoding = 4; lastKnownFileType = sourcecode.c.h; path = XYSTopicModel.h; sourceTree = "<group>"; };
		B7BDDD381D2F85A80078714A /* XYSTopicModel.m */ = {isa = PBXFileReference; fileEncoding = 4; lastKnownFileType = sourcecode.c.objc; path = XYSTopicModel.m; sourceTree = "<group>"; };
		B7BDDD3A1D2F8BFC0078714A /* XYSTopicCell.h */ = {isa = PBXFileReference; fileEncoding = 4; lastKnownFileType = sourcecode.c.h; path = XYSTopicCell.h; sourceTree = "<group>"; };
		B7BDDD3B1D2F8BFC0078714A /* XYSTopicCell.m */ = {isa = PBXFileReference; fileEncoding = 4; lastKnownFileType = sourcecode.c.objc; path = XYSTopicCell.m; sourceTree = "<group>"; };
		B7BDDD3F1D2F8D530078714A /* XYSTopicCell.xib */ = {isa = PBXFileReference; fileEncoding = 4; lastKnownFileType = file.xib; path = XYSTopicCell.xib; sourceTree = "<group>"; };
		B7D8563C1D378A72009EAF7E /* XYSTopicVoiceView.h */ = {isa = PBXFileReference; fileEncoding = 4; lastKnownFileType = sourcecode.c.h; path = XYSTopicVoiceView.h; sourceTree = "<group>"; };
		B7D8563D1D378A72009EAF7E /* XYSTopicVoiceView.m */ = {isa = PBXFileReference; fileEncoding = 4; lastKnownFileType = sourcecode.c.objc; path = XYSTopicVoiceView.m; sourceTree = "<group>"; };
		B7D8563F1D378A7E009EAF7E /* XYSTopicVoiceView.xib */ = {isa = PBXFileReference; fileEncoding = 4; lastKnownFileType = file.xib; path = XYSTopicVoiceView.xib; sourceTree = "<group>"; };
		B7DEB9FA1D250DEB007B58B3 /* XYSRecommendController.h */ = {isa = PBXFileReference; fileEncoding = 4; lastKnownFileType = sourcecode.c.h; path = XYSRecommendController.h; sourceTree = "<group>"; };
		B7DEB9FB1D250DEB007B58B3 /* XYSRecommendController.m */ = {isa = PBXFileReference; fileEncoding = 4; lastKnownFileType = sourcecode.c.objc; path = XYSRecommendController.m; sourceTree = "<group>"; };
		B7DEB9FD1D250E07007B58B3 /* XYSRecommendController.xib */ = {isa = PBXFileReference; fileEncoding = 4; lastKnownFileType = file.xib; path = XYSRecommendController.xib; sourceTree = "<group>"; };
		B7DEBA041D251E5A007B58B3 /* XYSLeftRecommendCell.h */ = {isa = PBXFileReference; fileEncoding = 4; lastKnownFileType = sourcecode.c.h; path = XYSLeftRecommendCell.h; sourceTree = "<group>"; };
		B7DEBA051D251E5A007B58B3 /* XYSLeftRecommendCell.m */ = {isa = PBXFileReference; fileEncoding = 4; lastKnownFileType = sourcecode.c.objc; path = XYSLeftRecommendCell.m; sourceTree = "<group>"; };
		B7DEBA061D251E5A007B58B3 /* XYSLeftRecommendCell.xib */ = {isa = PBXFileReference; fileEncoding = 4; lastKnownFileType = file.xib; path = XYSLeftRecommendCell.xib; sourceTree = "<group>"; };
		B7DEBA091D25354E007B58B3 /* XYSLeftRecommendModel.h */ = {isa = PBXFileReference; fileEncoding = 4; lastKnownFileType = sourcecode.c.h; path = XYSLeftRecommendModel.h; sourceTree = "<group>"; };
		B7DEBA0A1D25354E007B58B3 /* XYSLeftRecommendModel.m */ = {isa = PBXFileReference; fileEncoding = 4; lastKnownFileType = sourcecode.c.objc; path = XYSLeftRecommendModel.m; sourceTree = "<group>"; };
		B7DEBA0C1D2567FF007B58B3 /* XYSRightRecommendUserCell.h */ = {isa = PBXFileReference; fileEncoding = 4; lastKnownFileType = sourcecode.c.h; path = XYSRightRecommendUserCell.h; sourceTree = "<group>"; };
		B7DEBA0D1D2567FF007B58B3 /* XYSRightRecommendUserCell.m */ = {isa = PBXFileReference; fileEncoding = 4; lastKnownFileType = sourcecode.c.objc; path = XYSRightRecommendUserCell.m; sourceTree = "<group>"; };
		B7DEBA0E1D2567FF007B58B3 /* XYSRightRecommendUserCell.xib */ = {isa = PBXFileReference; fileEncoding = 4; lastKnownFileType = file.xib; path = XYSRightRecommendUserCell.xib; sourceTree = "<group>"; };
		B7DEBA111D256ADC007B58B3 /* XYSRightRecommendUserModel.h */ = {isa = PBXFileReference; fileEncoding = 4; lastKnownFileType = sourcecode.c.h; path = XYSRightRecommendUserModel.h; sourceTree = "<group>"; };
		B7DEBA121D256ADC007B58B3 /* XYSRightRecommendUserModel.m */ = {isa = PBXFileReference; fileEncoding = 4; lastKnownFileType = sourcecode.c.objc; path = XYSRightRecommendUserModel.m; sourceTree = "<group>"; };
		B7E70C221D37D4C900815896 /* XYSTopicVideoView.h */ = {isa = PBXFileReference; fileEncoding = 4; lastKnownFileType = sourcecode.c.h; path = XYSTopicVideoView.h; sourceTree = "<group>"; };
		B7E70C231D37D4C900815896 /* XYSTopicVideoView.m */ = {isa = PBXFileReference; fileEncoding = 4; lastKnownFileType = sourcecode.c.objc; path = XYSTopicVideoView.m; sourceTree = "<group>"; };
		B7E70C2B1D37D88800815896 /* XYSTopicVideoView.xib */ = {isa = PBXFileReference; fileEncoding = 4; lastKnownFileType = file.xib; path = XYSTopicVideoView.xib; sourceTree = "<group>"; };
		B7FF27851D3DC885008B6722 /* XYSRollBackWindow.h */ = {isa = PBXFileReference; fileEncoding = 4; lastKnownFileType = sourcecode.c.h; path = XYSRollBackWindow.h; sourceTree = "<group>"; };
		B7FF27861D3DC885008B6722 /* XYSRollBackWindow.m */ = {isa = PBXFileReference; fileEncoding = 4; lastKnownFileType = sourcecode.c.objc; path = XYSRollBackWindow.m; sourceTree = "<group>"; };
/* End PBXFileReference section */

/* Begin PBXFrameworksBuildPhase section */
		B77507811D2007D6009BA9F2 /* Frameworks */ = {
			isa = PBXFrameworksBuildPhase;
			buildActionMask = 2147483647;
			files = (
				D7B58BEBCCBCF23C3768049D /* libPods-imitationOfBSBDJ.a in Frameworks */,
			);
			runOnlyForDeploymentPostprocessing = 0;
		};
		B775079A1D2007D6009BA9F2 /* Frameworks */ = {
			isa = PBXFrameworksBuildPhase;
			buildActionMask = 2147483647;
			files = (
			);
			runOnlyForDeploymentPostprocessing = 0;
		};
		B77507A51D2007D6009BA9F2 /* Frameworks */ = {
			isa = PBXFrameworksBuildPhase;
			buildActionMask = 2147483647;
			files = (
			);
			runOnlyForDeploymentPostprocessing = 0;
		};
/* End PBXFrameworksBuildPhase section */

/* Begin PBXGroup section */
		3A9B8BBFCF545A7876140802 /* Pods */ = {
			isa = PBXGroup;
			children = (
				23A72F850AFC638673D53EDE /* Pods-imitationOfBSBDJ.debug.xcconfig */,
				248D8E9C2998483438C31AF6 /* Pods-imitationOfBSBDJ.release.xcconfig */,
			);
			name = Pods;
			sourceTree = "<group>";
		};
		507D62FBDD0146E505BCCC0B /* Frameworks */ = {
			isa = PBXGroup;
			children = (
				91DD1CA3322CF269599AEF96 /* libPods-imitationOfBSBDJ.a */,
			);
			name = Frameworks;
			sourceTree = "<group>";
		};
		B775077B1D2007D6009BA9F2 = {
			isa = PBXGroup;
			children = (
				B77507861D2007D6009BA9F2 /* imitationOfBSBDJ */,
				B77507A01D2007D6009BA9F2 /* imitationOfBSBDJTests */,
				B77507AB1D2007D6009BA9F2 /* imitationOfBSBDJUITests */,
				B77507851D2007D6009BA9F2 /* Products */,
				3A9B8BBFCF545A7876140802 /* Pods */,
				507D62FBDD0146E505BCCC0B /* Frameworks */,
			);
			sourceTree = "<group>";
		};
		B77507851D2007D6009BA9F2 /* Products */ = {
			isa = PBXGroup;
			children = (
				B77507841D2007D6009BA9F2 /* imitationOfBSBDJ.app */,
				B775079D1D2007D6009BA9F2 /* imitationOfBSBDJTests.xctest */,
				B77507A81D2007D6009BA9F2 /* imitationOfBSBDJUITests.xctest */,
			);
			name = Products;
			sourceTree = "<group>";
		};
		B77507861D2007D6009BA9F2 /* imitationOfBSBDJ */ = {
			isa = PBXGroup;
			children = (
				B77507BA1D200808009BA9F2 /* Classes */,
				B77507931D2007D6009BA9F2 /* Assets.xcassets */,
				B77507871D2007D6009BA9F2 /* Supporting Files */,
			);
			path = imitationOfBSBDJ;
			sourceTree = "<group>";
		};
		B77507871D2007D6009BA9F2 /* Supporting Files */ = {
			isa = PBXGroup;
			children = (
				B77507901D2007D6009BA9F2 /* Main.storyboard */,
				B77507981D2007D6009BA9F2 /* Info.plist */,
			);
			name = "Supporting Files";
			sourceTree = "<group>";
		};
		B77507A01D2007D6009BA9F2 /* imitationOfBSBDJTests */ = {
			isa = PBXGroup;
			children = (
				B77507A11D2007D6009BA9F2 /* imitationOfBSBDJTests.m */,
				B77507A31D2007D6009BA9F2 /* Info.plist */,
			);
			path = imitationOfBSBDJTests;
			sourceTree = "<group>";
		};
		B77507AB1D2007D6009BA9F2 /* imitationOfBSBDJUITests */ = {
			isa = PBXGroup;
			children = (
				B77507AC1D2007D6009BA9F2 /* imitationOfBSBDJUITests.m */,
				B77507AE1D2007D6009BA9F2 /* Info.plist */,
			);
			path = imitationOfBSBDJUITests;
			sourceTree = "<group>";
		};
		B77507BA1D200808009BA9F2 /* Classes */ = {
			isa = PBXGroup;
			children = (
				B77507BB1D200808009BA9F2 /* Main */,
				B77507C91D200808009BA9F2 /* Other */,
				B77507CE1D200808009BA9F2 /* XYSEssence */,
				B77507E01D200808009BA9F2 /* XYSNew */,
				B77507D41D200808009BA9F2 /* XYSFriendTrends */,
				B77507DA1D200808009BA9F2 /* XYSMe */,
			);
			path = Classes;
			sourceTree = "<group>";
		};
		B77507BB1D200808009BA9F2 /* Main */ = {
			isa = PBXGroup;
			children = (
				B77507BC1D200808009BA9F2 /* Category */,
				B77507BF1D200808009BA9F2 /* Controller */,
				B77507C41D200808009BA9F2 /* Model */,
				B77507C51D200808009BA9F2 /* Tool */,
				B77507C61D200808009BA9F2 /* View */,
			);
			path = Main;
			sourceTree = "<group>";
		};
		B77507BC1D200808009BA9F2 /* Category */ = {
			isa = PBXGroup;
			children = (
				B77507F31D200F77009BA9F2 /* UIBarButtonItem+XYSExtension.h */,
				B77507F41D200F77009BA9F2 /* UIBarButtonItem+XYSExtension.m */,
				B77507BD1D200808009BA9F2 /* UIView+XYSExtension.h */,
				B77507BE1D200808009BA9F2 /* UIView+XYSExtension.m */,
				B768182F1D3231C60044B7E3 /* NSDate+XYSExtension.h */,
				B76818301D3231C60044B7E3 /* NSDate+XYSExtension.m */,
			);
			path = Category;
			sourceTree = "<group>";
		};
		B77507BF1D200808009BA9F2 /* Controller */ = {
			isa = PBXGroup;
			children = (
				B77507C01D200808009BA9F2 /* XYSNavigationController.h */,
				B77507C11D200808009BA9F2 /* XYSNavigationController.m */,
				B77507C21D200808009BA9F2 /* XYSTabBarController.h */,
				B77507C31D200808009BA9F2 /* XYSTabBarController.m */,
				B703125F1D2906DA00D09EE9 /* XYSLoginRegisterController.h */,
				B70312601D2906DA00D09EE9 /* XYSLoginRegisterController.m */,
				B703126F1D295DA500D09EE9 /* XYSLoginRegisterController.xib */,
				B7318F2C1D40BB6700B66113 /* XYSPostViewController.h */,
				B7318F2D1D40BB6700B66113 /* XYSPostViewController.m */,
			);
			path = Controller;
			sourceTree = "<group>";
		};
		B77507C41D200808009BA9F2 /* Model */ = {
			isa = PBXGroup;
			children = (
			);
			path = Model;
			sourceTree = "<group>";
		};
		B77507C51D200808009BA9F2 /* Tool */ = {
			isa = PBXGroup;
			children = (
			);
			path = Tool;
			sourceTree = "<group>";
		};
		B77507C61D200808009BA9F2 /* View */ = {
			isa = PBXGroup;
			children = (
				B77507C71D200808009BA9F2 /* XYSTabBar.h */,
				B77507C81D200808009BA9F2 /* XYSTabBar.m */,
				B70312671D29448300D09EE9 /* XYSVerticalButton.h */,
				B70312681D29448300D09EE9 /* XYSVerticalButton.m */,
				B70312711D2963FE00D09EE9 /* XYSTextField.h */,
				B70312721D2963FE00D09EE9 /* XYSTextField.m */,
				B71E92E71D34D9F500BBBF1C /* XYSCircularProgressView.h */,
				B71E92E81D34D9F500BBBF1C /* XYSCircularProgressView.m */,
				B72C36761D365F51002D3DC3 /* XYSPublishView.h */,
				B72C36771D365F51002D3DC3 /* XYSPublishView.m */,
				B72C367B1D365FFB002D3DC3 /* XYSPublishView.xib */,
				B7FF27851D3DC885008B6722 /* XYSRollBackWindow.h */,
				B7FF27861D3DC885008B6722 /* XYSRollBackWindow.m */,
				B7318F2F1D40C6B600B66113 /* XYSPlaceholderTextView.h */,
				B7318F301D40C6B600B66113 /* XYSPlaceholderTextView.m */,
			);
			path = View;
			sourceTree = "<group>";
		};
		B77507C91D200808009BA9F2 /* Other */ = {
			isa = PBXGroup;
			children = (
				B77507CA1D200808009BA9F2 /* AppDelegate.h */,
				B77507CB1D200808009BA9F2 /* AppDelegate.m */,
				B77507CC1D200808009BA9F2 /* main.m */,
				B77507CD1D200808009BA9F2 /* PrefixHeader.pch */,
				B768183B1D323DC20044B7E3 /* XYSUIConst.h */,
				B768183C1D323DC20044B7E3 /* XYSUIConst.m */,
			);
			path = Other;
			sourceTree = "<group>";
		};
		B77507CE1D200808009BA9F2 /* XYSEssence */ = {
			isa = PBXGroup;
			children = (
				B77507CF1D200808009BA9F2 /* Controller */,
				B77507D21D200808009BA9F2 /* Model */,
				B77507D31D200808009BA9F2 /* View */,
			);
			path = XYSEssence;
			sourceTree = "<group>";
		};
		B77507CF1D200808009BA9F2 /* Controller */ = {
			isa = PBXGroup;
			children = (
				B77507D01D200808009BA9F2 /* XYSEssenceViewController.h */,
				B77507D11D200808009BA9F2 /* XYSEssenceViewController.m */,
				B70312501D28F09F00D09EE9 /* XYSRecommendTableViewController.h */,
				B70312511D28F09F00D09EE9 /* XYSRecommendTableViewController.m */,
				B756DAB61D2D2F6400B9960A /* XYSTopicController.h */,
				B756DAB71D2D2F6400B9960A /* XYSTopicController.m */,
				B76818431D32713B0044B7E3 /* XYSShowPictureController.h */,
				B76818441D32713B0044B7E3 /* XYSShowPictureController.m */,
				B76818451D32713B0044B7E3 /* XYSShowPictureController.xib */,
				B73541FD1D3B651600A3023B /* XYSCommentController.h */,
				B73541FE1D3B651600A3023B /* XYSCommentController.m */,
				B73541FF1D3B651600A3023B /* XYSCommentController.xib */,
				B7318F271D3F8E1100B66113 /* XYSPlayVoiceController.h */,
				B7318F281D3F8E1100B66113 /* XYSPlayVoiceController.m */,
				B7318F291D3F8E1100B66113 /* XYSPlayVoiceController.xib */,
			);
			path = Controller;
			sourceTree = "<group>";
		};
		B77507D21D200808009BA9F2 /* Model */ = {
			isa = PBXGroup;
			children = (
				B70312581D28F4B000D09EE9 /* XYSRecommendTagModel.h */,
				B70312591D28F4B000D09EE9 /* XYSRecommendTagModel.m */,
				B7BDDD371D2F85A80078714A /* XYSTopicModel.h */,
				B7BDDD381D2F85A80078714A /* XYSTopicModel.m */,
				B72CFCBC1D3A764E00C4889C /* XYSTopCommentModel.h */,
				B72CFCBD1D3A764E00C4889C /* XYSTopCommentModel.m */,
				B72CFCBF1D3A771500C4889C /* XYSUser.h */,
				B72CFCC01D3A771500C4889C /* XYSUser.m */,
			);
			path = Model;
			sourceTree = "<group>";
		};
		B77507D31D200808009BA9F2 /* View */ = {
			isa = PBXGroup;
			children = (
				B70312531D28F1FE00D09EE9 /* XYSRecommendTagCell.h */,
				B70312541D28F1FE00D09EE9 /* XYSRecommendTagCell.m */,
				B70312551D28F1FE00D09EE9 /* XYSRecommendTagCell.xib */,
				B7BDDD3A1D2F8BFC0078714A /* XYSTopicCell.h */,
				B7BDDD3B1D2F8BFC0078714A /* XYSTopicCell.m */,
				B7BDDD3F1D2F8D530078714A /* XYSTopicCell.xib */,
				B768183E1D3245E30044B7E3 /* XYSTopicPictureView.h */,
				B768183F1D3245E30044B7E3 /* XYSTopicPictureView.m */,
				B76818411D32460A0044B7E3 /* XYSTopicPictureView.xib */,
				B7D8563C1D378A72009EAF7E /* XYSTopicVoiceView.h */,
				B7D8563D1D378A72009EAF7E /* XYSTopicVoiceView.m */,
				B7D8563F1D378A7E009EAF7E /* XYSTopicVoiceView.xib */,
				B7E70C221D37D4C900815896 /* XYSTopicVideoView.h */,
				B7E70C231D37D4C900815896 /* XYSTopicVideoView.m */,
				B7E70C2B1D37D88800815896 /* XYSTopicVideoView.xib */,
				B73542071D3B779F00A3023B /* XYSCommentCell.h */,
				B73542081D3B779F00A3023B /* XYSCommentCell.m */,
				B73542041D3B774100A3023B /* XYSCommentCell.xib */,
			);
			path = View;
			sourceTree = "<group>";
		};
		B77507D41D200808009BA9F2 /* XYSFriendTrends */ = {
			isa = PBXGroup;
			children = (
				B77507D51D200808009BA9F2 /* Controller */,
				B77507D81D200808009BA9F2 /* Model */,
				B77507D91D200808009BA9F2 /* View */,
			);
			path = XYSFriendTrends;
			sourceTree = "<group>";
		};
		B77507D51D200808009BA9F2 /* Controller */ = {
			isa = PBXGroup;
			children = (
				B77507D61D200808009BA9F2 /* XYSFriendTrendsViewController.h */,
				B77507D71D200808009BA9F2 /* XYSFriendTrendsViewController.m */,
				B703125D1D29022200D09EE9 /* XYSFriendTrendsViewController.xib */,
				B7DEB9FA1D250DEB007B58B3 /* XYSRecommendController.h */,
				B7DEB9FB1D250DEB007B58B3 /* XYSRecommendController.m */,
				B7DEB9FD1D250E07007B58B3 /* XYSRecommendController.xib */,
			);
			path = Controller;
			sourceTree = "<group>";
		};
		B77507D81D200808009BA9F2 /* Model */ = {
			isa = PBXGroup;
			children = (
				B7DEBA091D25354E007B58B3 /* XYSLeftRecommendModel.h */,
				B7DEBA0A1D25354E007B58B3 /* XYSLeftRecommendModel.m */,
				B7DEBA111D256ADC007B58B3 /* XYSRightRecommendUserModel.h */,
				B7DEBA121D256ADC007B58B3 /* XYSRightRecommendUserModel.m */,
			);
			path = Model;
			sourceTree = "<group>";
		};
		B77507D91D200808009BA9F2 /* View */ = {
			isa = PBXGroup;
			children = (
				B7DEBA041D251E5A007B58B3 /* XYSLeftRecommendCell.h */,
				B7DEBA051D251E5A007B58B3 /* XYSLeftRecommendCell.m */,
				B7DEBA061D251E5A007B58B3 /* XYSLeftRecommendCell.xib */,
				B7DEBA0C1D2567FF007B58B3 /* XYSRightRecommendUserCell.h */,
				B7DEBA0D1D2567FF007B58B3 /* XYSRightRecommendUserCell.m */,
				B7DEBA0E1D2567FF007B58B3 /* XYSRightRecommendUserCell.xib */,
			);
			path = View;
			sourceTree = "<group>";
		};
		B77507DA1D200808009BA9F2 /* XYSMe */ = {
			isa = PBXGroup;
			children = (
				B77507DB1D200808009BA9F2 /* Controller */,
				B77507DE1D200808009BA9F2 /* Model */,
				B77507DF1D200808009BA9F2 /* View */,
			);
			path = XYSMe;
			sourceTree = "<group>";
		};
		B77507DB1D200808009BA9F2 /* Controller */ = {
			isa = PBXGroup;
			children = (
				B77507DC1D200808009BA9F2 /* XYSMeViewController.h */,
				B77507DD1D200808009BA9F2 /* XYSMeViewController.m */,
			);
			path = Controller;
			sourceTree = "<group>";
		};
		B77507DE1D200808009BA9F2 /* Model */ = {
			isa = PBXGroup;
			children = (
				B7318F211D3F63C600B66113 /* XYSMeExtensionModel.h */,
				B7318F221D3F63C600B66113 /* XYSMeExtensionModel.m */,
			);
			path = Model;
			sourceTree = "<group>";
		};
		B77507DF1D200808009BA9F2 /* View */ = {
			isa = PBXGroup;
			children = (
				B7318F181D3F5D5A00B66113 /* XYSMeCell.h */,
				B7318F191D3F5D5A00B66113 /* XYSMeCell.m */,
				B7318F1B1D3F615100B66113 /* XYSMeExtensionView.h */,
				B7318F1C1D3F615100B66113 /* XYSMeExtensionView.m */,
				B7318F241D3F666000B66113 /* XYSMeExtensionButton.h */,
				B7318F251D3F666000B66113 /* XYSMeExtensionButton.m */,
			);
			path = View;
			sourceTree = "<group>";
		};
		B77507E01D200808009BA9F2 /* XYSNew */ = {
			isa = PBXGroup;
			children = (
				B77507E11D200808009BA9F2 /* Controller */,
				B77507E41D200808009BA9F2 /* Model */,
				B77507E51D200808009BA9F2 /* View */,
			);
			path = XYSNew;
			sourceTree = "<group>";
		};
		B77507E11D200808009BA9F2 /* Controller */ = {
			isa = PBXGroup;
			children = (
				B77507E21D200808009BA9F2 /* XYSNewViewController.h */,
				B77507E31D200808009BA9F2 /* XYSNewViewController.m */,
			);
			path = Controller;
			sourceTree = "<group>";
		};
		B77507E41D200808009BA9F2 /* Model */ = {
			isa = PBXGroup;
			children = (
			);
			path = Model;
			sourceTree = "<group>";
		};
		B77507E51D200808009BA9F2 /* View */ = {
			isa = PBXGroup;
			children = (
			);
			path = View;
			sourceTree = "<group>";
		};
/* End PBXGroup section */

/* Begin PBXNativeTarget section */
		B77507831D2007D6009BA9F2 /* imitationOfBSBDJ */ = {
			isa = PBXNativeTarget;
			buildConfigurationList = B77507B11D2007D6009BA9F2 /* Build configuration list for PBXNativeTarget "imitationOfBSBDJ" */;
			buildPhases = (
				4435DF13FEABF2A2F93DFEBC /* 📦 Check Pods Manifest.lock */,
				B77507801D2007D6009BA9F2 /* Sources */,
				B77507811D2007D6009BA9F2 /* Frameworks */,
				B77507821D2007D6009BA9F2 /* Resources */,
				BDDCA2451E9183056F3EB498 /* 📦 Embed Pods Frameworks */,
				A0D8AED229DF2460CB5C9744 /* 📦 Copy Pods Resources */,
			);
			buildRules = (
			);
			dependencies = (
			);
			name = imitationOfBSBDJ;
			productName = imitationOfBSBDJ;
			productReference = B77507841D2007D6009BA9F2 /* imitationOfBSBDJ.app */;
			productType = "com.apple.product-type.application";
		};
		B775079C1D2007D6009BA9F2 /* imitationOfBSBDJTests */ = {
			isa = PBXNativeTarget;
			buildConfigurationList = B77507B41D2007D6009BA9F2 /* Build configuration list for PBXNativeTarget "imitationOfBSBDJTests" */;
			buildPhases = (
				B77507991D2007D6009BA9F2 /* Sources */,
				B775079A1D2007D6009BA9F2 /* Frameworks */,
				B775079B1D2007D6009BA9F2 /* Resources */,
			);
			buildRules = (
			);
			dependencies = (
				B775079F1D2007D6009BA9F2 /* PBXTargetDependency */,
			);
			name = imitationOfBSBDJTests;
			productName = imitationOfBSBDJTests;
			productReference = B775079D1D2007D6009BA9F2 /* imitationOfBSBDJTests.xctest */;
			productType = "com.apple.product-type.bundle.unit-test";
		};
		B77507A71D2007D6009BA9F2 /* imitationOfBSBDJUITests */ = {
			isa = PBXNativeTarget;
			buildConfigurationList = B77507B71D2007D6009BA9F2 /* Build configuration list for PBXNativeTarget "imitationOfBSBDJUITests" */;
			buildPhases = (
				B77507A41D2007D6009BA9F2 /* Sources */,
				B77507A51D2007D6009BA9F2 /* Frameworks */,
				B77507A61D2007D6009BA9F2 /* Resources */,
			);
			buildRules = (
			);
			dependencies = (
				B77507AA1D2007D6009BA9F2 /* PBXTargetDependency */,
			);
			name = imitationOfBSBDJUITests;
			productName = imitationOfBSBDJUITests;
			productReference = B77507A81D2007D6009BA9F2 /* imitationOfBSBDJUITests.xctest */;
			productType = "com.apple.product-type.bundle.ui-testing";
		};
/* End PBXNativeTarget section */

/* Begin PBXProject section */
		B775077C1D2007D6009BA9F2 /* Project object */ = {
			isa = PBXProject;
			attributes = {
				CLASSPREFIX = XYS;
				LastUpgradeCheck = 0700;
				ORGANIZATIONNAME = "徐烨晟";
				TargetAttributes = {
					B77507831D2007D6009BA9F2 = {
						CreatedOnToolsVersion = 7.0;
						DevelopmentTeam = XD4Q3VGUNK;
					};
					B775079C1D2007D6009BA9F2 = {
						CreatedOnToolsVersion = 7.0;
						TestTargetID = B77507831D2007D6009BA9F2;
					};
					B77507A71D2007D6009BA9F2 = {
						CreatedOnToolsVersion = 7.0;
						TestTargetID = B77507831D2007D6009BA9F2;
					};
				};
			};
			buildConfigurationList = B775077F1D2007D6009BA9F2 /* Build configuration list for PBXProject "imitationOfBSBDJ" */;
			compatibilityVersion = "Xcode 3.2";
			developmentRegion = English;
			hasScannedForEncodings = 0;
			knownRegions = (
				en,
				Base,
			);
			mainGroup = B775077B1D2007D6009BA9F2;
			productRefGroup = B77507851D2007D6009BA9F2 /* Products */;
			projectDirPath = "";
			projectRoot = "";
			targets = (
				B77507831D2007D6009BA9F2 /* imitationOfBSBDJ */,
				B775079C1D2007D6009BA9F2 /* imitationOfBSBDJTests */,
				B77507A71D2007D6009BA9F2 /* imitationOfBSBDJUITests */,
			);
		};
/* End PBXProject section */

/* Begin PBXResourcesBuildPhase section */
		B77507821D2007D6009BA9F2 /* Resources */ = {
			isa = PBXResourcesBuildPhase;
			buildActionMask = 2147483647;
			files = (
				B76818471D32713B0044B7E3 /* XYSShowPictureController.xib in Resources */,
				B7E70C2C1D37D88800815896 /* XYSTopicVideoView.xib in Resources */,
				B73542061D3B774100A3023B /* XYSCommentCell.xib in Resources */,
				B76818421D32460A0044B7E3 /* XYSTopicPictureView.xib in Resources */,
				B7318F2B1D3F8E1100B66113 /* XYSPlayVoiceController.xib in Resources */,
				B7BDDD401D2F8D530078714A /* XYSTopicCell.xib in Resources */,
				B7D856401D378A7E009EAF7E /* XYSTopicVoiceView.xib in Resources */,
				B77507941D2007D6009BA9F2 /* Assets.xcassets in Resources */,
				B77507921D2007D6009BA9F2 /* Main.storyboard in Resources */,
				B70312701D295DA500D09EE9 /* XYSLoginRegisterController.xib in Resources */,
				B70312571D28F1FE00D09EE9 /* XYSRecommendTagCell.xib in Resources */,
				B7DEBA101D2567FF007B58B3 /* XYSRightRecommendUserCell.xib in Resources */,
				B7DEBA081D251E5A007B58B3 /* XYSLeftRecommendCell.xib in Resources */,
				B72C367C1D365FFB002D3DC3 /* XYSPublishView.xib in Resources */,
				B7DEB9FE1D250E08007B58B3 /* XYSRecommendController.xib in Resources */,
				B73542011D3B651600A3023B /* XYSCommentController.xib in Resources */,
				B703125E1D29022200D09EE9 /* XYSFriendTrendsViewController.xib in Resources */,
			);
			runOnlyForDeploymentPostprocessing = 0;
		};
		B775079B1D2007D6009BA9F2 /* Resources */ = {
			isa = PBXResourcesBuildPhase;
			buildActionMask = 2147483647;
			files = (
			);
			runOnlyForDeploymentPostprocessing = 0;
		};
		B77507A61D2007D6009BA9F2 /* Resources */ = {
			isa = PBXResourcesBuildPhase;
			buildActionMask = 2147483647;
			files = (
			);
			runOnlyForDeploymentPostprocessing = 0;
		};
/* End PBXResourcesBuildPhase section */

/* Begin PBXShellScriptBuildPhase section */
		4435DF13FEABF2A2F93DFEBC /* 📦 Check Pods Manifest.lock */ = {
			isa = PBXShellScriptBuildPhase;
			buildActionMask = 2147483647;
			files = (
			);
			inputPaths = (
			);
			name = "📦 Check Pods Manifest.lock";
			outputPaths = (
			);
			runOnlyForDeploymentPostprocessing = 0;
			shellPath = /bin/sh;
			shellScript = "diff \"${PODS_ROOT}/../Podfile.lock\" \"${PODS_ROOT}/Manifest.lock\" > /dev/null\nif [[ $? != 0 ]] ; then\n    cat << EOM\nerror: The sandbox is not in sync with the Podfile.lock. Run 'pod install' or update your CocoaPods installation.\nEOM\n    exit 1\nfi\n";
			showEnvVarsInLog = 0;
		};
		A0D8AED229DF2460CB5C9744 /* 📦 Copy Pods Resources */ = {
			isa = PBXShellScriptBuildPhase;
			buildActionMask = 2147483647;
			files = (
			);
			inputPaths = (
			);
			name = "📦 Copy Pods Resources";
			outputPaths = (
			);
			runOnlyForDeploymentPostprocessing = 0;
			shellPath = /bin/sh;
			shellScript = "\"${SRCROOT}/Pods/Target Support Files/Pods-imitationOfBSBDJ/Pods-imitationOfBSBDJ-resources.sh\"\n";
			showEnvVarsInLog = 0;
		};
		BDDCA2451E9183056F3EB498 /* 📦 Embed Pods Frameworks */ = {
			isa = PBXShellScriptBuildPhase;
			buildActionMask = 2147483647;
			files = (
			);
			inputPaths = (
			);
			name = "📦 Embed Pods Frameworks";
			outputPaths = (
			);
			runOnlyForDeploymentPostprocessing = 0;
			shellPath = /bin/sh;
			shellScript = "\"${SRCROOT}/Pods/Target Support Files/Pods-imitationOfBSBDJ/Pods-imitationOfBSBDJ-frameworks.sh\"\n";
			showEnvVarsInLog = 0;
		};
/* End PBXShellScriptBuildPhase section */

/* Begin PBXSourcesBuildPhase section */
		B77507801D2007D6009BA9F2 /* Sources */ = {
			isa = PBXSourcesBuildPhase;
			buildActionMask = 2147483647;
			files = (
				B7DEBA0B1D25354E007B58B3 /* XYSLeftRecommendModel.m in Sources */,
				B77507E81D200808009BA9F2 /* XYSTabBarController.m in Sources */,
				B7318F261D3F666000B66113 /* XYSMeExtensionButton.m in Sources */,
				B77507E91D200808009BA9F2 /* XYSTabBar.m in Sources */,
				B7D8563E1D378A72009EAF7E /* XYSTopicVoiceView.m in Sources */,
				B7DEBA131D256ADC007B58B3 /* XYSRightRecommendUserModel.m in Sources */,
				B7BDDD3D1D2F8BFC0078714A /* XYSTopicCell.m in Sources */,
				B7DEBA071D251E5A007B58B3 /* XYSLeftRecommendCell.m in Sources */,
				B756DAB81D2D2F6400B9960A /* XYSTopicController.m in Sources */,
				B77507EA1D200808009BA9F2 /* AppDelegate.m in Sources */,
				B72C36781D365F51002D3DC3 /* XYSPublishView.m in Sources */,
				B73542091D3B779F00A3023B /* XYSCommentCell.m in Sources */,
				B77507EE1D200808009BA9F2 /* XYSMeViewController.m in Sources */,
				B77507E71D200808009BA9F2 /* XYSNavigationController.m in Sources */,
				B7318F1D1D3F615100B66113 /* XYSMeExtensionView.m in Sources */,
				B76818401D3245E30044B7E3 /* XYSTopicPictureView.m in Sources */,
				B703125A1D28F4B000D09EE9 /* XYSRecommendTagModel.m in Sources */,
				B72CFCBE1D3A764E00C4889C /* XYSTopCommentModel.m in Sources */,
				B7BDDD391D2F85A80078714A /* XYSTopicModel.m in Sources */,
				B71E92E91D34D9F500BBBF1C /* XYSCircularProgressView.m in Sources */,
				B70312621D2906DA00D09EE9 /* XYSLoginRegisterController.m in Sources */,
				B70312521D28F09F00D09EE9 /* XYSRecommendTableViewController.m in Sources */,
				B7DEB9FC1D250DEB007B58B3 /* XYSRecommendController.m in Sources */,
				B70312561D28F1FE00D09EE9 /* XYSRecommendTagCell.m in Sources */,
				B77507EB1D200808009BA9F2 /* main.m in Sources */,
				B77507EC1D200808009BA9F2 /* XYSEssenceViewController.m in Sources */,
				B7DEBA0F1D2567FF007B58B3 /* XYSRightRecommendUserCell.m in Sources */,
				B70312691D29448300D09EE9 /* XYSVerticalButton.m in Sources */,
				B77507F51D200F77009BA9F2 /* UIBarButtonItem+XYSExtension.m in Sources */,
				B7318F2A1D3F8E1100B66113 /* XYSPlayVoiceController.m in Sources */,
				B70312731D2963FE00D09EE9 /* XYSTextField.m in Sources */,
				B7318F231D3F63C600B66113 /* XYSMeExtensionModel.m in Sources */,
				B77507EF1D200808009BA9F2 /* XYSNewViewController.m in Sources */,
				B7318F311D40C6B600B66113 /* XYSPlaceholderTextView.m in Sources */,
				B73542001D3B651600A3023B /* XYSCommentController.m in Sources */,
				B7FF27871D3DC885008B6722 /* XYSRollBackWindow.m in Sources */,
				B76818461D32713B0044B7E3 /* XYSShowPictureController.m in Sources */,
				B7E70C241D37D4C900815896 /* XYSTopicVideoView.m in Sources */,
				B77507E61D200808009BA9F2 /* UIView+XYSExtension.m in Sources */,
				B77507ED1D200808009BA9F2 /* XYSFriendTrendsViewController.m in Sources */,
				B768183D1D323DC20044B7E3 /* XYSUIConst.m in Sources */,
				B76818311D3231C60044B7E3 /* NSDate+XYSExtension.m in Sources */,
				B72CFCC11D3A771500C4889C /* XYSUser.m in Sources */,
				B7318F1A1D3F5D5A00B66113 /* XYSMeCell.m in Sources */,
				B7318F2E1D40BB6700B66113 /* XYSPostViewController.m in Sources */,
			);
			runOnlyForDeploymentPostprocessing = 0;
		};
		B77507991D2007D6009BA9F2 /* Sources */ = {
			isa = PBXSourcesBuildPhase;
			buildActionMask = 2147483647;
			files = (
				B77507A21D2007D6009BA9F2 /* imitationOfBSBDJTests.m in Sources */,
			);
			runOnlyForDeploymentPostprocessing = 0;
		};
		B77507A41D2007D6009BA9F2 /* Sources */ = {
			isa = PBXSourcesBuildPhase;
			buildActionMask = 2147483647;
			files = (
				B77507AD1D2007D6009BA9F2 /* imitationOfBSBDJUITests.m in Sources */,
			);
			runOnlyForDeploymentPostprocessing = 0;
		};
/* End PBXSourcesBuildPhase section */

/* Begin PBXTargetDependency section */
		B775079F1D2007D6009BA9F2 /* PBXTargetDependency */ = {
			isa = PBXTargetDependency;
			target = B77507831D2007D6009BA9F2 /* imitationOfBSBDJ */;
			targetProxy = B775079E1D2007D6009BA9F2 /* PBXContainerItemProxy */;
		};
		B77507AA1D2007D6009BA9F2 /* PBXTargetDependency */ = {
			isa = PBXTargetDependency;
			target = B77507831D2007D6009BA9F2 /* imitationOfBSBDJ */;
			targetProxy = B77507A91D2007D6009BA9F2 /* PBXContainerItemProxy */;
		};
/* End PBXTargetDependency section */

/* Begin PBXVariantGroup section */
		B77507901D2007D6009BA9F2 /* Main.storyboard */ = {
			isa = PBXVariantGroup;
			children = (
				B77507911D2007D6009BA9F2 /* Base */,
			);
			name = Main.storyboard;
			sourceTree = "<group>";
		};
/* End PBXVariantGroup section */

/* Begin XCBuildConfiguration section */
		B77507AF1D2007D6009BA9F2 /* Debug */ = {
			isa = XCBuildConfiguration;
			buildSettings = {
				ALWAYS_SEARCH_USER_PATHS = NO;
				CLANG_CXX_LANGUAGE_STANDARD = "gnu++0x";
				CLANG_CXX_LIBRARY = "libc++";
				CLANG_ENABLE_MODULES = YES;
				CLANG_ENABLE_OBJC_ARC = YES;
				CLANG_WARN_BOOL_CONVERSION = YES;
				CLANG_WARN_CONSTANT_CONVERSION = YES;
				CLANG_WARN_DIRECT_OBJC_ISA_USAGE = YES_ERROR;
				CLANG_WARN_EMPTY_BODY = YES;
				CLANG_WARN_ENUM_CONVERSION = YES;
				CLANG_WARN_INT_CONVERSION = YES;
				CLANG_WARN_OBJC_ROOT_CLASS = YES_ERROR;
				CLANG_WARN_UNREACHABLE_CODE = YES;
				CLANG_WARN__DUPLICATE_METHOD_MATCH = YES;
				"CODE_SIGN_IDENTITY[sdk=iphoneos*]" = "iPhone Developer";
				COPY_PHASE_STRIP = NO;
				DEBUG_INFORMATION_FORMAT = dwarf;
				ENABLE_STRICT_OBJC_MSGSEND = YES;
				ENABLE_TESTABILITY = YES;
				GCC_C_LANGUAGE_STANDARD = gnu99;
				GCC_DYNAMIC_NO_PIC = NO;
				GCC_NO_COMMON_BLOCKS = YES;
				GCC_OPTIMIZATION_LEVEL = 0;
				GCC_PREPROCESSOR_DEFINITIONS = (
					"DEBUG=1",
					"$(inherited)",
				);
				GCC_WARN_64_TO_32_BIT_CONVERSION = YES;
				GCC_WARN_ABOUT_RETURN_TYPE = YES_ERROR;
				GCC_WARN_UNDECLARED_SELECTOR = YES;
				GCC_WARN_UNINITIALIZED_AUTOS = YES_AGGRESSIVE;
				GCC_WARN_UNUSED_FUNCTION = YES;
				GCC_WARN_UNUSED_VARIABLE = YES;
				IPHONEOS_DEPLOYMENT_TARGET = 9.0;
				MTL_ENABLE_DEBUG_INFO = YES;
				ONLY_ACTIVE_ARCH = YES;
				SDKROOT = iphoneos;
			};
			name = Debug;
		};
		B77507B01D2007D6009BA9F2 /* Release */ = {
			isa = XCBuildConfiguration;
			buildSettings = {
				ALWAYS_SEARCH_USER_PATHS = NO;
				CLANG_CXX_LANGUAGE_STANDARD = "gnu++0x";
				CLANG_CXX_LIBRARY = "libc++";
				CLANG_ENABLE_MODULES = YES;
				CLANG_ENABLE_OBJC_ARC = YES;
				CLANG_WARN_BOOL_CONVERSION = YES;
				CLANG_WARN_CONSTANT_CONVERSION = YES;
				CLANG_WARN_DIRECT_OBJC_ISA_USAGE = YES_ERROR;
				CLANG_WARN_EMPTY_BODY = YES;
				CLANG_WARN_ENUM_CONVERSION = YES;
				CLANG_WARN_INT_CONVERSION = YES;
				CLANG_WARN_OBJC_ROOT_CLASS = YES_ERROR;
				CLANG_WARN_UNREACHABLE_CODE = YES;
				CLANG_WARN__DUPLICATE_METHOD_MATCH = YES;
				"CODE_SIGN_IDENTITY[sdk=iphoneos*]" = "iPhone Developer";
				COPY_PHASE_STRIP = NO;
				DEBUG_INFORMATION_FORMAT = "dwarf-with-dsym";
				ENABLE_NS_ASSERTIONS = NO;
				ENABLE_STRICT_OBJC_MSGSEND = YES;
				GCC_C_LANGUAGE_STANDARD = gnu99;
				GCC_NO_COMMON_BLOCKS = YES;
				GCC_WARN_64_TO_32_BIT_CONVERSION = YES;
				GCC_WARN_ABOUT_RETURN_TYPE = YES_ERROR;
				GCC_WARN_UNDECLARED_SELECTOR = YES;
				GCC_WARN_UNINITIALIZED_AUTOS = YES_AGGRESSIVE;
				GCC_WARN_UNUSED_FUNCTION = YES;
				GCC_WARN_UNUSED_VARIABLE = YES;
				IPHONEOS_DEPLOYMENT_TARGET = 9.0;
				MTL_ENABLE_DEBUG_INFO = NO;
				SDKROOT = iphoneos;
				VALIDATE_PRODUCT = YES;
			};
			name = Release;
		};
		B77507B21D2007D6009BA9F2 /* Debug */ = {
			isa = XCBuildConfiguration;
			baseConfigurationReference = 23A72F850AFC638673D53EDE /* Pods-imitationOfBSBDJ.debug.xcconfig */;
			buildSettings = {
				ASSETCATALOG_COMPILER_APPICON_NAME = "AppIcon-1";
				ASSETCATALOG_COMPILER_LAUNCHIMAGE_NAME = LaunchImage;
				CODE_SIGN_IDENTITY = "iPhone Developer";
				"CODE_SIGN_IDENTITY[sdk=iphoneos*]" = "iPhone Developer";
				GCC_PREFIX_HEADER = imitationOfBSBDJ/Classes/Other/PrefixHeader.pch;
				INFOPLIST_FILE = imitationOfBSBDJ/Info.plist;
				IPHONEOS_DEPLOYMENT_TARGET = 8.1;
				LD_RUNPATH_SEARCH_PATHS = "$(inherited) @executable_path/Frameworks";
				PRODUCT_BUNDLE_IDENTIFIER = S.imitationOfBSBDJ;
				PRODUCT_NAME = "$(TARGET_NAME)";
				PROVISIONING_PROFILE = "";
			};
			name = Debug;
		};
		B77507B31D2007D6009BA9F2 /* Release */ = {
			isa = XCBuildConfiguration;
			baseConfigurationReference = 248D8E9C2998483438C31AF6 /* Pods-imitationOfBSBDJ.release.xcconfig */;
			buildSettings = {
				ASSETCATALOG_COMPILER_APPICON_NAME = "AppIcon-1";
				ASSETCATALOG_COMPILER_LAUNCHIMAGE_NAME = LaunchImage;
				CODE_SIGN_IDENTITY = "iPhone Developer";
				"CODE_SIGN_IDENTITY[sdk=iphoneos*]" = "iPhone Developer";
				GCC_PREFIX_HEADER = imitationOfBSBDJ/Classes/Other/PrefixHeader.pch;
				INFOPLIST_FILE = imitationOfBSBDJ/Info.plist;
				IPHONEOS_DEPLOYMENT_TARGET = 8.1;
				LD_RUNPATH_SEARCH_PATHS = "$(inherited) @executable_path/Frameworks";
				PRODUCT_BUNDLE_IDENTIFIER = S.imitationOfBSBDJ;
				PRODUCT_NAME = "$(TARGET_NAME)";
				PROVISIONING_PROFILE = "";
			};
			name = Release;
		};
		B77507B51D2007D6009BA9F2 /* Debug */ = {
			isa = XCBuildConfiguration;
			buildSettings = {
				BUNDLE_LOADER = "$(TEST_HOST)";
				INFOPLIST_FILE = imitationOfBSBDJTests/Info.plist;
				LD_RUNPATH_SEARCH_PATHS = "$(inherited) @executable_path/Frameworks @loader_path/Frameworks";
				PRODUCT_BUNDLE_IDENTIFIER = S.imitationOfBSBDJTests;
				PRODUCT_NAME = "$(TARGET_NAME)";
				TEST_HOST = "$(BUILT_PRODUCTS_DIR)/imitationOfBSBDJ.app/imitationOfBSBDJ";
			};
			name = Debug;
		};
		B77507B61D2007D6009BA9F2 /* Release */ = {
			isa = XCBuildConfiguration;
			buildSettings = {
				BUNDLE_LOADER = "$(TEST_HOST)";
				INFOPLIST_FILE = imitationOfBSBDJTests/Info.plist;
				LD_RUNPATH_SEARCH_PATHS = "$(inherited) @executable_path/Frameworks @loader_path/Frameworks";
				PRODUCT_BUNDLE_IDENTIFIER = S.imitationOfBSBDJTests;
				PRODUCT_NAME = "$(TARGET_NAME)";
				TEST_HOST = "$(BUILT_PRODUCTS_DIR)/imitationOfBSBDJ.app/imitationOfBSBDJ";
			};
			name = Release;
		};
		B77507B81D2007D6009BA9F2 /* Debug */ = {
			isa = XCBuildConfiguration;
			buildSettings = {
				INFOPLIST_FILE = imitationOfBSBDJUITests/Info.plist;
				LD_RUNPATH_SEARCH_PATHS = "$(inherited) @executable_path/Frameworks @loader_path/Frameworks";
				PRODUCT_BUNDLE_IDENTIFIER = S.imitationOfBSBDJUITests;
				PRODUCT_NAME = "$(TARGET_NAME)";
				TEST_TARGET_NAME = imitationOfBSBDJ;
				USES_XCTRUNNER = YES;
			};
			name = Debug;
		};
		B77507B91D2007D6009BA9F2 /* Release */ = {
			isa = XCBuildConfiguration;
			buildSettings = {
				INFOPLIST_FILE = imitationOfBSBDJUITests/Info.plist;
				LD_RUNPATH_SEARCH_PATHS = "$(inherited) @executable_path/Frameworks @loader_path/Frameworks";
				PRODUCT_BUNDLE_IDENTIFIER = S.imitationOfBSBDJUITests;
				PRODUCT_NAME = "$(TARGET_NAME)";
				TEST_TARGET_NAME = imitationOfBSBDJ;
				USES_XCTRUNNER = YES;
			};
			name = Release;
		};
/* End XCBuildConfiguration section */

/* Begin XCConfigurationList section */
		B775077F1D2007D6009BA9F2 /* Build configuration list for PBXProject "imitationOfBSBDJ" */ = {
			isa = XCConfigurationList;
			buildConfigurations = (
				B77507AF1D2007D6009BA9F2 /* Debug */,
				B77507B01D2007D6009BA9F2 /* Release */,
			);
			defaultConfigurationIsVisible = 0;
			defaultConfigurationName = Release;
		};
		B77507B11D2007D6009BA9F2 /* Build configuration list for PBXNativeTarget "imitationOfBSBDJ" */ = {
			isa = XCConfigurationList;
			buildConfigurations = (
				B77507B21D2007D6009BA9F2 /* Debug */,
				B77507B31D2007D6009BA9F2 /* Release */,
			);
			defaultConfigurationIsVisible = 0;
			defaultConfigurationName = Release;
		};
		B77507B41D2007D6009BA9F2 /* Build configuration list for PBXNativeTarget "imitationOfBSBDJTests" */ = {
			isa = XCConfigurationList;
			buildConfigurations = (
				B77507B51D2007D6009BA9F2 /* Debug */,
				B77507B61D2007D6009BA9F2 /* Release */,
			);
			defaultConfigurationIsVisible = 0;
			defaultConfigurationName = Release;
		};
		B77507B71D2007D6009BA9F2 /* Build configuration list for PBXNativeTarget "imitationOfBSBDJUITests" */ = {
			isa = XCConfigurationList;
			buildConfigurations = (
				B77507B81D2007D6009BA9F2 /* Debug */,
				B77507B91D2007D6009BA9F2 /* Release */,
			);
			defaultConfigurationIsVisible = 0;
			defaultConfigurationName = Release;
		};
/* End XCConfigurationList section */
	};
	rootObject = B775077C1D2007D6009BA9F2 /* Project object */;
}
